// !$*UTF8*$!
{
	archiveVersion = 1;
	classes = {
	};
	objectVersion = 46;
	objects = {

/* Begin PBXBuildFile section */
		B097C2571AD79CDE00914D74 /* main.m in Sources */ = {isa = PBXBuildFile; fileRef = B097C2561AD79CDE00914D74 /* main.m */; };
		B097C25A1AD79CDE00914D74 /* AppDelegate.m in Sources */ = {isa = PBXBuildFile; fileRef = B097C2591AD79CDE00914D74 /* AppDelegate.m */; };
		B097C2621AD79CDE00914D74 /* Images.xcassets in Resources */ = {isa = PBXBuildFile; fileRef = B097C2611AD79CDE00914D74 /* Images.xcassets */; };
		B097C2711AD79CDE00914D74 /* ClearDemoTests.m in Sources */ = {isa = PBXBuildFile; fileRef = B097C2701AD79CDE00914D74 /* ClearDemoTests.m */; };
		B097C27D1AD79D0A00914D74 /* MainViewController.m in Sources */ = {isa = PBXBuildFile; fileRef = B097C27B1AD79D0A00914D74 /* MainViewController.m */; };
		B097C27E1AD79D0A00914D74 /* MainViewController.xib in Resources */ = {isa = PBXBuildFile; fileRef = B097C27C1AD79D0A00914D74 /* MainViewController.xib */; };
		B097C2801AD79D1A00914D74 /* Default-568h@2x.png in Resources */ = {isa = PBXBuildFile; fileRef = B097C27F1AD79D1A00914D74 /* Default-568h@2x.png */; };
/* End PBXBuildFile section */

/* Begin PBXContainerItemProxy section */
		B097C26B1AD79CDE00914D74 /* PBXContainerItemProxy */ = {
			isa = PBXContainerItemProxy;
			containerPortal = B097C2491AD79CDE00914D74 /* Project object */;
			proxyType = 1;
			remoteGlobalIDString = B097C2501AD79CDE00914D74;
			remoteInfo = ClearDemo;
		};
/* End PBXContainerItemProxy section */

/* Begin PBXFileReference section */
		B097C2511AD79CDE00914D74 /* ClearDemo.app */ = {isa = PBXFileReference; explicitFileType = wrapper.application; includeInIndex = 0; path = ClearDemo.app; sourceTree = BUILT_PRODUCTS_DIR; };
		B097C2551AD79CDE00914D74 /* Info.plist */ = {isa = PBXFileReference; lastKnownFileType = text.plist.xml; path = Info.plist; sourceTree = "<group>"; };
		B097C2561AD79CDE00914D74 /* main.m */ = {isa = PBXFileReference; lastKnownFileType = sourcecode.c.objc; path = main.m; sourceTree = "<group>"; };
		B097C2581AD79CDE00914D74 /* AppDelegate.h */ = {isa = PBXFileReference; lastKnownFileType = sourcecode.c.h; path = AppDelegate.h; sourceTree = "<group>"; };
		B097C2591AD79CDE00914D74 /* AppDelegate.m */ = {isa = PBXFileReference; lastKnownFileType = sourcecode.c.objc; path = AppDelegate.m; sourceTree = "<group>"; };
		B097C2611AD79CDE00914D74 /* Images.xcassets */ = {isa = PBXFileReference; lastKnownFileType = folder.assetcatalog; path = Images.xcassets; sourceTree = "<group>"; };
		B097C26A1AD79CDE00914D74 /* ClearDemoTests.xctest */ = {isa = PBXFileReference; explicitFileType = wrapper.cfbundle; includeInIndex = 0; path = ClearDemoTests.xctest; sourceTree = BUILT_PRODUCTS_DIR; };
		B097C26F1AD79CDE00914D74 /* Info.plist */ = {isa = PBXFileReference; lastKnownFileType = text.plist.xml; path = Info.plist; sourceTree = "<group>"; };
		B097C2701AD79CDE00914D74 /* ClearDemoTests.m */ = {isa = PBXFileReference; lastKnownFileType = sourcecode.c.objc; path = ClearDemoTests.m; sourceTree = "<group>"; };
		B097C27A1AD79D0A00914D74 /* MainViewController.h */ = {isa = PBXFileReference; fileEncoding = 4; lastKnownFileType = sourcecode.c.h; path = MainViewController.h; sourceTree = "<group>"; };
		B097C27B1AD79D0A00914D74 /* MainViewController.m */ = {isa = PBXFileReference; fileEncoding = 4; lastKnownFileType = sourcecode.c.objc; path = MainViewController.m; sourceTree = "<group>"; };
		B097C27C1AD79D0A00914D74 /* MainViewController.xib */ = {isa = PBXFileReference; fileEncoding = 4; lastKnownFileType = file.xib; path = MainViewController.xib; sourceTree = "<group>"; };
		B097C27F1AD79D1A00914D74 /* Default-568h@2x.png */ = {isa = PBXFileReference; lastKnownFileType = image.png; path = "Default-568h@2x.png"; sourceTree = "<group>"; };
/* End PBXFileReference section */

/* Begin PBXFrameworksBuildPhase section */
		B097C24E1AD79CDE00914D74 /* Frameworks */ = {
			isa = PBXFrameworksBuildPhase;
			buildActionMask = 2147483647;
			files = (
			);
			runOnlyForDeploymentPostprocessing = 0;
		};
		B097C2671AD79CDE00914D74 /* Frameworks */ = {
			isa = PBXFrameworksBuildPhase;
			buildActionMask = 2147483647;
			files = (
			);
			runOnlyForDeploymentPostprocessing = 0;
		};
/* End PBXFrameworksBuildPhase section */

/* Begin PBXGroup section */
		B097C2481AD79CDE00914D74 = {
			isa = PBXGroup;
			children = (
				B097C2531AD79CDE00914D74 /* ClearDemo */,
				B097C26D1AD79CDE00914D74 /* ClearDemoTests */,
				B097C2521AD79CDE00914D74 /* Products */,
			);
			sourceTree = "<group>";
		};
		B097C2521AD79CDE00914D74 /* Products */ = {
			isa = PBXGroup;
			children = (
				B097C2511AD79CDE00914D74 /* ClearDemo.app */,
				B097C26A1AD79CDE00914D74 /* ClearDemoTests.xctest */,
			);
			name = Products;
			sourceTree = "<group>";
		};
		B097C2531AD79CDE00914D74 /* ClearDemo */ = {
			isa = PBXGroup;
			children = (
				B097C2581AD79CDE00914D74 /* AppDelegate.h */,
				B097C2591AD79CDE00914D74 /* AppDelegate.m */,
				B097C27A1AD79D0A00914D74 /* MainViewController.h */,
				B097C27B1AD79D0A00914D74 /* MainViewController.m */,
				B097C27C1AD79D0A00914D74 /* MainViewController.xib */,
				B097C2611AD79CDE00914D74 /* Images.xcassets */,
				B097C27F1AD79D1A00914D74 /* Default-568h@2x.png */,
				B097C2541AD79CDE00914D74 /* Supporting Files */,
			);
			path = ClearDemo;
			sourceTree = "<group>";
		};
		B097C2541AD79CDE00914D74 /* Supporting Files */ = {
			isa = PBXGroup;
			children = (
				B097C2551AD79CDE00914D74 /* Info.plist */,
				B097C2561AD79CDE00914D74 /* main.m */,
			);
			name = "Supporting Files";
			sourceTree = "<group>";
		};
		B097C26D1AD79CDE00914D74 /* ClearDemoTests */ = {
			isa = PBXGroup;
			children = (
				B097C2701AD79CDE00914D74 /* ClearDemoTests.m */,
				B097C26E1AD79CDE00914D74 /* Supporting Files */,
			);
			path = ClearDemoTests;
			sourceTree = "<group>";
		};
		B097C26E1AD79CDE00914D74 /* Supporting Files */ = {
			isa = PBXGroup;
			children = (
				B097C26F1AD79CDE00914D74 /* Info.plist */,
			);
			name = "Supporting Files";
			sourceTree = "<group>";
		};
/* End PBXGroup section */

/* Begin PBXNativeTarget section */
		B097C2501AD79CDE00914D74 /* ClearDemo */ = {
			isa = PBXNativeTarget;
			buildConfigurationList = B097C2741AD79CDE00914D74 /* Build configuration list for PBXNativeTarget "ClearDemo" */;
			buildPhases = (
				B097C24D1AD79CDE00914D74 /* Sources */,
				B097C24E1AD79CDE00914D74 /* Frameworks */,
				B097C24F1AD79CDE00914D74 /* Resources */,
			);
			buildRules = (
			);
			dependencies = (
			);
			name = ClearDemo;
			productName = ClearDemo;
			productReference = B097C2511AD79CDE00914D74 /* ClearDemo.app */;
			productType = "com.apple.product-type.application";
		};
		B097C2691AD79CDE00914D74 /* ClearDemoTests */ = {
			isa = PBXNativeTarget;
			buildConfigurationList = B097C2771AD79CDE00914D74 /* Build configuration list for PBXNativeTarget "ClearDemoTests" */;
			buildPhases = (
				B097C2661AD79CDE00914D74 /* Sources */,
				B097C2671AD79CDE00914D74 /* Frameworks */,
				B097C2681AD79CDE00914D74 /* Resources */,
			);
			buildRules = (
			);
			dependencies = (
				B097C26C1AD79CDE00914D74 /* PBXTargetDependency */,
			);
			name = ClearDemoTests;
			productName = ClearDemoTests;
			productReference = B097C26A1AD79CDE00914D74 /* ClearDemoTests.xctest */;
			productType = "com.apple.product-type.bundle.unit-test";
		};
/* End PBXNativeTarget section */

/* Begin PBXProject section */
		B097C2491AD79CDE00914D74 /* Project object */ = {
			isa = PBXProject;
			attributes = {
				LastUpgradeCheck = 0620;
				ORGANIZATIONNAME = guante_lu;
				TargetAttributes = {
					B097C2501AD79CDE00914D74 = {
						CreatedOnToolsVersion = 6.2;
					};
					B097C2691AD79CDE00914D74 = {
						CreatedOnToolsVersion = 6.2;
						TestTargetID = B097C2501AD79CDE00914D74;
					};
				};
			};
			buildConfigurationList = B097C24C1AD79CDE00914D74 /* Build configuration list for PBXProject "ClearDemo" */;
			compatibilityVersion = "Xcode 3.2";
			developmentRegion = English;
			hasScannedForEncodings = 0;
			knownRegions = (
				en,
				Base,
			);
			mainGroup = B097C2481AD79CDE00914D74;
			productRefGroup = B097C2521AD79CDE00914D74 /* Products */;
			projectDirPath = "";
			projectRoot = "";
			targets = (
				B097C2501AD79CDE00914D74 /* ClearDemo */,
				B097C2691AD79CDE00914D74 /* ClearDemoTests */,
			);
		};
/* End PBXProject section */

/* Begin PBXResourcesBuildPhase section */
		B097C24F1AD79CDE00914D74 /* Resources */ = {
			isa = PBXResourcesBuildPhase;
			buildActionMask = 2147483647;
			files = (
				B097C2621AD79CDE00914D74 /* Images.xcassets in Resources */,
				B097C27E1AD79D0A00914D74 /* MainViewController.xib in Resources */,
				B097C2801AD79D1A00914D74 /* Default-568h@2x.png in Resources */,
			);
			runOnlyForDeploymentPostprocessing = 0;
		};
		B097C2681AD79CDE00914D74 /* Resources */ = {
			isa = PBXResourcesBuildPhase;
			buildActionMask = 2147483647;
			files = (
			);
			runOnlyForDeploymentPostprocessing = 0;
		};
/* End PBXResourcesBuildPhase section */

/* Begin PBXSourcesBuildPhase section */
		B097C24D1AD79CDE00914D74 /* Sources */ = {
			isa = PBXSourcesBuildPhase;
			buildActionMask = 2147483647;
			files = (
				B097C25A1AD79CDE00914D74 /* AppDelegate.m in Sources */,
				B097C27D1AD79D0A00914D74 /* MainViewController.m in Sources */,
				B097C2571AD79CDE00914D74 /* main.m in Sources */,
			);
			runOnlyForDeploymentPostprocessing = 0;
		};
		B097C2661AD79CDE00914D74 /* Sources */ = {
			isa = PBXSourcesBuildPhase;
			buildActionMask = 2147483647;
			files = (
				B097C2711AD79CDE00914D74 /* ClearDemoTests.m in Sources */,
			);
			runOnlyForDeploymentPostprocessing = 0;
		};
/* End PBXSourcesBuildPhase section */

/* Begin PBXTargetDependency section */
		B097C26C1AD79CDE00914D74 /* PBXTargetDependency */ = {
			isa = PBXTargetDependency;
			target = B097C2501AD79CDE00914D74 /* ClearDemo */;
			targetProxy = B097C26B1AD79CDE00914D74 /* PBXContainerItemProxy */;
		};
/* End PBXTargetDependency section */

/* Begin XCBuildConfiguration section */
		B097C2721AD79CDE00914D74 /* Debug */ = {
			isa = XCBuildConfiguration;
			buildSettings = {
				ALWAYS_SEARCH_USER_PATHS = NO;
				CLANG_CXX_LANGUAGE_STANDARD = "gnu++0x";
				CLANG_CXX_LIBRARY = "libc++";
				CLANG_ENABLE_MODULES = YES;
				CLANG_ENABLE_OBJC_ARC = YES;
				CLANG_WARN_BOOL_CONVERSION = YES;
				CLANG_WARN_CONSTANT_CONVERSION = YES;
				CLANG_WARN_DIRECT_OBJC_ISA_USAGE = YES_ERROR;
				CLANG_WARN_EMPTY_BODY = YES;
				CLANG_WARN_ENUM_CONVERSION = YES;
				CLANG_WARN_INT_CONVERSION = YES;
				CLANG_WARN_OBJC_ROOT_CLASS = YES_ERROR;
				CLANG_WARN_UNREACHABLE_CODE = YES;
				CLANG_WARN__DUPLICATE_METHOD_MATCH = YES;
				"CODE_SIGN_IDENTITY[sdk=iphoneos*]" = "iPhone Developer";
				COPY_PHASE_STRIP = NO;
				ENABLE_STRICT_OBJC_MSGSEND = YES;
				GCC_C_LANGUAGE_STANDARD = gnu99;
				GCC_DYNAMIC_NO_PIC = NO;
				GCC_OPTIMIZATION_LEVEL = 0;
				GCC_PREPROCESSOR_DEFINITIONS = (
					"DEBUG=1",
					"$(inherited)",
				);
				GCC_SYMBOLS_PRIVATE_EXTERN = NO;
				GCC_WARN_64_TO_32_BIT_CONVERSION = YES;
				GCC_WARN_ABOUT_RETURN_TYPE = YES_ERROR;
				GCC_WARN_UNDECLARED_SELECTOR = YES;
				GCC_WARN_UNINITIALIZED_AUTOS = YES_AGGRESSIVE;
				GCC_WARN_UNUSED_FUNCTION = YES;
				GCC_WARN_UNUSED_VARIABLE = YES;
				IPHONEOS_DEPLOYMENT_TARGET = 8.2;
				MTL_ENABLE_DEBUG_INFO = YES;
				ONLY_ACTIVE_ARCH = YES;
				SDKROOT = iphoneos;
			};
			name = Debug;
		};
		B097C2731AD79CDE00914D74 /* Release */ = {
			isa = XCBuildConfiguration;
			buildSettings = {
				ALWAYS_SEARCH_USER_PATHS = NO;
				CLANG_CXX_LANGUAGE_STANDARD = "gnu++0x";
				CLANG_CXX_LIBRARY = "libc++";
				CLANG_ENABLE_MODULES = YES;
				CLANG_ENABLE_OBJC_ARC = YES;
				CLANG_WARN_BOOL_CONVERSION = YES;
				CLANG_WARN_CONSTANT_CONVERSION = YES;
				CLANG_WARN_DIRECT_OBJC_ISA_USAGE = YES_ERROR;
				CLANG_WARN_EMPTY_BODY = YES;
				CLANG_WARN_ENUM_CONVERSION = YES;
				CLANG_WARN_INT_CONVERSION = YES;
				CLANG_WARN_OBJC_ROOT_CLASS = YES_ERROR;
				CLANG_WARN_UNREACHABLE_CODE = YES;
				CLANG_WARN__DUPLICATE_METHOD_MATCH = YES;
				"CODE_SIGN_IDENTITY[sdk=iphoneos*]" = "iPhone Developer";
				COPY_PHASE_STRIP = NO;
				ENABLE_NS_ASSERTIONS = NO;
				ENABLE_STRICT_OBJC_MSGSEND = YES;
				GCC_C_LANGUAGE_STANDARD = gnu99;
				GCC_WARN_64_TO_32_BIT_CONVERSION = YES;
				GCC_WARN_ABOUT_RETURN_TYPE = YES_ERROR;
				GCC_WARN_UNDECLARED_SELECTOR = YES;
				GCC_WARN_UNINITIALIZED_AUTOS = YES_AGGRESSIVE;
				GCC_WARN_UNUSED_FUNCTION = YES;
				GCC_WARN_UNUSED_VARIABLE = YES;
				IPHONEOS_DEPLOYMENT_TARGET = 8.2;
				MTL_ENABLE_DEBUG_INFO = NO;
				SDKROOT = iphoneos;
				VALIDATE_PRODUCT = YES;
			};
			name = Release;
		};
		B097C2751AD79CDE00914D74 /* Debug */ = {
			isa = XCBuildConfiguration;
			buildSettings = {
				ASSETCATALOG_COMPILER_APPICON_NAME = AppIcon;
				INFOPLIST_FILE = ClearDemo/Info.plist;
				LD_RUNPATH_SEARCH_PATHS = "$(inherited) @executable_path/Frameworks";
				PRODUCT_NAME = "$(TARGET_NAME)";
			};
			name = Debug;
		};
		B097C2761AD79CDE00914D74 /* Release */ = {
			isa = XCBuildConfiguration;
			buildSettings = {
				ASSETCATALOG_COMPILER_APPICON_NAME = AppIcon;
				INFOPLIST_FILE = ClearDemo/Info.plist;
				LD_RUNPATH_SEARCH_PATHS = "$(inherited) @executable_path/Frameworks";
				PRODUCT_NAME = "$(TARGET_NAME)";
			};
			name = Release;
		};
		B097C2781AD79CDE00914D74 /* Debug */ = {
			isa = XCBuildConfiguration;
			buildSettings = {
				BUNDLE_LOADER = "$(TEST_HOST)";
				FRAMEWORK_SEARCH_PATHS = (
					"$(SDKROOT)/Developer/Library/Frameworks",
					"$(inherited)",
				);
				GCC_PREPROCESSOR_DEFINITIONS = (
					"DEBUG=1",
					"$(inherited)",
				);
				INFOPLIST_FILE = ClearDemoTests/Info.plist;
				LD_RUNPATH_SEARCH_PATHS = "$(inherited) @executable_path/Frameworks @loader_path/Frameworks";
				PRODUCT_NAME = "$(TARGET_NAME)";
				TEST_HOST = "$(BUILT_PRODUCTS_DIR)/ClearDemo.app/ClearDemo";
			};
			name = Debug;
		};
		B097C2791AD79CDE00914D74 /* Release */ = {
			isa = XCBuildConfiguration;
			buildSettings = {
				BUNDLE_LOADER = "$(TEST_HOST)";
				FRAMEWORK_SEARCH_PATHS = (
					"$(SDKROOT)/Developer/Library/Frameworks",
					"$(inherited)",
				);
				INFOPLIST_FILE = ClearDemoTests/Info.plist;
				LD_RUNPATH_SEARCH_PATHS = "$(inherited) @executable_path/Frameworks @loader_path/Frameworks";
				PRODUCT_NAME = "$(TARGET_NAME)";
				TEST_HOST = "$(BUILT_PRODUCTS_DIR)/ClearDemo.app/ClearDemo";
			};
			name = Release;
		};
/* End XCBuildConfiguration section */

/* Begin XCConfigurationList section */
		B097C24C1AD79CDE00914D74 /* Build configuration list for PBXProject "ClearDemo" */ = {
			isa = XCConfigurationList;
			buildConfigurations = (
				B097C2721AD79CDE00914D74 /* Debug */,
				B097C2731AD79CDE00914D74 /* Release */,
			);
			defaultConfigurationIsVisible = 0;
			defaultConfigurationName = Release;
		};
		B097C2741AD79CDE00914D74 /* Build configuration list for PBXNativeTarget "ClearDemo" */ = {
			isa = XCConfigurationList;
			buildConfigurations = (
				B097C2751AD79CDE00914D74 /* Debug */,
				B097C2761AD79CDE00914D74 /* Release */,
			);
			defaultConfigurationIsVisible = 0;
		};
		B097C2771AD79CDE00914D74 /* Build configuration list for PBXNativeTarget "ClearDemoTests" */ = {
			isa = XCConfigurationList;
			buildConfigurations = (
				B097C2781AD79CDE00914D74 /* Debug */,
				B097C2791AD79CDE00914D74 /* Release */,
			);
			defaultConfigurationIsVisible = 0;
		};
/* End XCConfigurationList section */
	};
	rootObject = B097C2491AD79CDE00914D74 /* Project object */;
}
